
Microsoft Visual Studio Solution File, Format Version 12.00
# Visual Studio Version 18
VisualStudioVersion = 18.2.11408.102 d18.0
MinimumVisualStudioVersion = 10.0.40219.1
Project("{FAE04EC0-301F-11D3-BF4B-00C04F79EFBC}") = "CollectionsPractice", "CollectionsPractice.csproj", "{A3237BA6-65D3-23E6-6C5C-F7EE63BAAEA8}"
EndProject
Global
	GlobalSection(SolutionConfigurationPlatforms) = preSolution
		Debug|Any CPU = Debug|Any CPU
		Release|Any CPU = Release|Any CPU
	EndGlobalSection
	GlobalSection(ProjectConfigurationPlatforms) = postSolution
		{A3237BA6-65D3-23E6-6C5C-F7EE63BAAEA8}.Debug|Any CPU.ActiveCfg = Debug|Any CPU
		{A3237BA6-65D3-23E6-6C5C-F7EE63BAAEA8}.Debug|Any CPU.Build.0 = Debug|Any CPU
		{A3237BA6-65D3-23E6-6C5C-F7EE63BAAEA8}.Release|Any CPU.ActiveCfg = Release|Any CPU
		{A3237BA6-65D3-23E6-6C5C-F7EE63BAAEA8}.Release|Any CPU.Build.0 = Release|Any CPU
	EndGlobalSection
	GlobalSection(SolutionProperties) = preSolution
		HideSolutionNode = FALSE
	EndGlobalSection
	GlobalSection(ExtensibilityGlobals) = postSolution
		SolutionGuid = {D696A0D2-F9A5-4543-9224-CCA0A5891ABF}
	EndGlobalSection
EndGlobal
